
Microsoft Visual Studio Solution File, Format Version 12.00
# Visual Studio Version 17
VisualStudioVersion = 17.4.33213.308
MinimumVisualStudioVersion = 10.0.40219.1
Project("{FAE04EC0-301F-11D3-BF4B-00C04F79EFBC}") = "Henshouse E-Cookbook", "Henshouse E-Cookbook\Henshouse E-Cookbook.csproj", "{647E0B41-C102-4317-B335-D1E1D0340E80}"
EndProject
Global
	GlobalSection(SolutionConfigurationPlatforms) = preSolution
		Debug|Any CPU = Debug|Any CPU
		Release|Any CPU = Release|Any CPU
	EndGlobalSection
	GlobalSection(ProjectConfigurationPlatforms) = postSolution
		{647E0B41-C102-4317-B335-D1E1D0340E80}.Debug|Any CPU.ActiveCfg = Debug|Any CPU
		{647E0B41-C102-4317-B335-D1E1D0340E80}.Debug|Any CPU.Build.0 = Debug|Any CPU
		{647E0B41-C102-4317-B335-D1E1D0340E80}.Release|Any CPU.ActiveCfg = Release|Any CPU
		{647E0B41-C102-4317-B335-D1E1D0340E80}.Release|Any CPU.Build.0 = Release|Any CPU
	EndGlobalSection
	GlobalSection(SolutionProperties) = preSolution
		HideSolutionNode = FALSE
	EndGlobalSection
	GlobalSection(ExtensibilityGlobals) = postSolution
		SolutionGuid = {8BC6EC2C-ACD1-41DA-872F-1663B45A11D0}
	EndGlobalSection
EndGlobal
